
Microsoft Visual Studio Solution File, Format Version 12.00
# Visual Studio Version 17
VisualStudioVersion = 17.0.31903.59
MinimumVisualStudioVersion = 10.0.40219.1
Project("{2150E333-8FDC-42A3-9474-1A3956D46DE8}") = "src", "src", "{5362F5B0-D0C9-44EC-ACCD-D8B4BDCDED9B}"
EndProject
Project("{F2A71F9B-5D33-465A-A702-920D77279786}") = "Stockr", "src\Stockr\Stockr.fsproj", "{70FC6CEC-C3C5-4F45-8F32-742ABD88FE38}"
EndProject
Global
	GlobalSection(SolutionConfigurationPlatforms) = preSolution
		Debug|Any CPU = Debug|Any CPU
		Release|Any CPU = Release|Any CPU
	EndGlobalSection
	GlobalSection(SolutionProperties) = preSolution
		HideSolutionNode = FALSE
	EndGlobalSection
	GlobalSection(ProjectConfigurationPlatforms) = postSolution
		{70FC6CEC-C3C5-4F45-8F32-742ABD88FE38}.Debug|Any CPU.ActiveCfg = Debug|Any CPU
		{70FC6CEC-C3C5-4F45-8F32-742ABD88FE38}.Debug|Any CPU.Build.0 = Debug|Any CPU
		{70FC6CEC-C3C5-4F45-8F32-742ABD88FE38}.Release|Any CPU.ActiveCfg = Release|Any CPU
		{70FC6CEC-C3C5-4F45-8F32-742ABD88FE38}.Release|Any CPU.Build.0 = Release|Any CPU
	EndGlobalSection
	GlobalSection(NestedProjects) = preSolution
		{70FC6CEC-C3C5-4F45-8F32-742ABD88FE38} = {5362F5B0-D0C9-44EC-ACCD-D8B4BDCDED9B}
	EndGlobalSection
EndGlobal
